
Microsoft Visual Studio Solution File, Format Version 12.00
# Visual Studio Version 17
VisualStudioVersion = 17.3.32804.467
MinimumVisualStudioVersion = 10.0.40219.1
Project("{9A19103F-16F7-4668-BE54-9A1E7A4F7556}") = "WPFApp", "WPFApp.csproj", "{9DEA8CF8-B344-4071-8AFA-AA2895BF6E00}"
EndProject
Project("{9A19103F-16F7-4668-BE54-9A1E7A4F7556}") = "WebApi", "..\WebApi\WebApi.csproj", "{431010DA-DC01-4A43-AD88-F9F7DBD9286F}"
EndProject
Project("{9A19103F-16F7-4668-BE54-9A1E7A4F7556}") = "AzureFunctions", "..\AzureFunctions\AzureFunctions.csproj", "{1D6AD775-ACD5-495E-B480-3B4F9CD39735}"
EndProject
Project("{9A19103F-16F7-4668-BE54-9A1E7A4F7556}") = "MultiDevices", "..\Device.ConsoleApp\MultiDevices.csproj", "{E6BD19A1-A8BB-4B83-9CB1-57D32399F41D}"
EndProject
Project("{9A19103F-16F7-4668-BE54-9A1E7A4F7556}") = "Device.Fan.LivingRoom", "..\Device.Fan.LivingRoom\Device.Fan.LivingRoom.csproj", "{FF043680-66CC-4949-A3C7-8A948AE21CAD}"
EndProject
Global
	GlobalSection(SolutionConfigurationPlatforms) = preSolution
		Debug|Any CPU = Debug|Any CPU
		Release|Any CPU = Release|Any CPU
	EndGlobalSection
	GlobalSection(ProjectConfigurationPlatforms) = postSolution
		{9DEA8CF8-B344-4071-8AFA-AA2895BF6E00}.Debug|Any CPU.ActiveCfg = Debug|Any CPU
		{9DEA8CF8-B344-4071-8AFA-AA2895BF6E00}.Debug|Any CPU.Build.0 = Debug|Any CPU
		{9DEA8CF8-B344-4071-8AFA-AA2895BF6E00}.Release|Any CPU.ActiveCfg = Release|Any CPU
		{9DEA8CF8-B344-4071-8AFA-AA2895BF6E00}.Release|Any CPU.Build.0 = Release|Any CPU
		{431010DA-DC01-4A43-AD88-F9F7DBD9286F}.Debug|Any CPU.ActiveCfg = Debug|Any CPU
		{431010DA-DC01-4A43-AD88-F9F7DBD9286F}.Debug|Any CPU.Build.0 = Debug|Any CPU
		{431010DA-DC01-4A43-AD88-F9F7DBD9286F}.Release|Any CPU.ActiveCfg = Release|Any CPU
		{431010DA-DC01-4A43-AD88-F9F7DBD9286F}.Release|Any CPU.Build.0 = Release|Any CPU
		{1D6AD775-ACD5-495E-B480-3B4F9CD39735}.Debug|Any CPU.ActiveCfg = Debug|Any CPU
		{1D6AD775-ACD5-495E-B480-3B4F9CD39735}.Debug|Any CPU.Build.0 = Debug|Any CPU
		{1D6AD775-ACD5-495E-B480-3B4F9CD39735}.Release|Any CPU.ActiveCfg = Release|Any CPU
		{1D6AD775-ACD5-495E-B480-3B4F9CD39735}.Release|Any CPU.Build.0 = Release|Any CPU
		{E6BD19A1-A8BB-4B83-9CB1-57D32399F41D}.Debug|Any CPU.ActiveCfg = Debug|Any CPU
		{E6BD19A1-A8BB-4B83-9CB1-57D32399F41D}.Debug|Any CPU.Build.0 = Debug|Any CPU
		{E6BD19A1-A8BB-4B83-9CB1-57D32399F41D}.Release|Any CPU.ActiveCfg = Release|Any CPU
		{E6BD19A1-A8BB-4B83-9CB1-57D32399F41D}.Release|Any CPU.Build.0 = Release|Any CPU
		{FF043680-66CC-4949-A3C7-8A948AE21CAD}.Debug|Any CPU.ActiveCfg = Debug|Any CPU
		{FF043680-66CC-4949-A3C7-8A948AE21CAD}.Debug|Any CPU.Build.0 = Debug|Any CPU
		{FF043680-66CC-4949-A3C7-8A948AE21CAD}.Release|Any CPU.ActiveCfg = Release|Any CPU
		{FF043680-66CC-4949-A3C7-8A948AE21CAD}.Release|Any CPU.Build.0 = Release|Any CPU
	EndGlobalSection
	GlobalSection(SolutionProperties) = preSolution
		HideSolutionNode = FALSE
	EndGlobalSection
	GlobalSection(ExtensibilityGlobals) = postSolution
		SolutionGuid = {B191FD01-CDCA-4F9B-A61F-79BFBC9BDC73}
	EndGlobalSection
EndGlobal
