
Microsoft Visual Studio Solution File, Format Version 12.00
# Visual Studio Version 17
VisualStudioVersion = 17.3.32804.467
MinimumVisualStudioVersion = 10.0.40219.1
Project("{FAE04EC0-301F-11D3-BF4B-00C04F79EFBC}") = "WPFApp", "WPFApp.csproj", "{9DEA8CF8-B344-4071-8AFA-AA2895BF6E00}"
EndProject
Project("{FAE04EC0-301F-11D3-BF4B-00C04F79EFBC}") = "WebApi", "..\WebApi\WebApi.csproj", "{431010DA-DC01-4A43-AD88-F9F7DBD9286F}"
EndProject
Global
	GlobalSection(SolutionConfigurationPlatforms) = preSolution
		Debug|Any CPU = Debug|Any CPU
		Release|Any CPU = Release|Any CPU
	EndGlobalSection
	GlobalSection(ProjectConfigurationPlatforms) = postSolution
		{9DEA8CF8-B344-4071-8AFA-AA2895BF6E00}.Debug|Any CPU.ActiveCfg = Debug|Any CPU
		{9DEA8CF8-B344-4071-8AFA-AA2895BF6E00}.Debug|Any CPU.Build.0 = Debug|Any CPU
		{9DEA8CF8-B344-4071-8AFA-AA2895BF6E00}.Release|Any CPU.ActiveCfg = Release|Any CPU
		{9DEA8CF8-B344-4071-8AFA-AA2895BF6E00}.Release|Any CPU.Build.0 = Release|Any CPU
		{431010DA-DC01-4A43-AD88-F9F7DBD9286F}.Debug|Any CPU.ActiveCfg = Debug|Any CPU
		{431010DA-DC01-4A43-AD88-F9F7DBD9286F}.Debug|Any CPU.Build.0 = Debug|Any CPU
		{431010DA-DC01-4A43-AD88-F9F7DBD9286F}.Release|Any CPU.ActiveCfg = Release|Any CPU
		{431010DA-DC01-4A43-AD88-F9F7DBD9286F}.Release|Any CPU.Build.0 = Release|Any CPU
	EndGlobalSection
	GlobalSection(SolutionProperties) = preSolution
		HideSolutionNode = FALSE
	EndGlobalSection
	GlobalSection(ExtensibilityGlobals) = postSolution
		SolutionGuid = {B191FD01-CDCA-4F9B-A61F-79BFBC9BDC73}
	EndGlobalSection
EndGlobal
